
Microsoft Visual Studio Solution File, Format Version 12.00
Project("{FAE04EC0-301F-11D3-BF4B-00C04F79EFBC}") = "HighAvailabilitySandbox", "HighAvailabilitySandbox.csproj", "{D598D0F7-A39D-4A1E-A1EF-274C3900707A}"
EndProject
Global
	GlobalSection(SolutionConfigurationPlatforms) = preSolution
		Debug|Any CPU = Debug|Any CPU
		Release|Any CPU = Release|Any CPU
	EndGlobalSection
	GlobalSection(ProjectConfigurationPlatforms) = postSolution
		{D598D0F7-A39D-4A1E-A1EF-274C3900707A}.Debug|Any CPU.ActiveCfg = Debug|Any CPU
		{D598D0F7-A39D-4A1E-A1EF-274C3900707A}.Debug|Any CPU.Build.0 = Debug|Any CPU
		{D598D0F7-A39D-4A1E-A1EF-274C3900707A}.Release|Any CPU.ActiveCfg = Release|Any CPU
		{D598D0F7-A39D-4A1E-A1EF-274C3900707A}.Release|Any CPU.Build.0 = Release|Any CPU
	EndGlobalSection
EndGlobal
